dependencies:
- name: postgresql
  repository: https://charts.bitnami.com/bitnami
  version: 11.9.1
- name: redis
  repository: https://charts.bitnami.com/bitnami
  version: 17.1.7
digest: sha256:3b9ff1c37d5030384cdd3d0dc288401fb94628414b93544b6757dd4b75f5c378
generated: "2022-11-03T13:45:42.741368+01:00"
